
Microsoft Visual Studio Solution File, Format Version 11.00
# Visual Studio 2010
Project("{FAE04EC0-301F-11D3-BF4B-00C04F79EFBC}") = "Assembly-CSharp", "Assembly-CSharp.csproj", "{178B2A82-9F9C-496A-65F9-29C2FACB07C7}"
EndProject
Project("{FAE04EC0-301F-11D3-BF4B-00C04F79EFBC}") = "Assembly-CSharp-Editor", "Assembly-CSharp-Editor.csproj", "{D1DA4CA8-A169-5A56-EE39-8719BF3949DF}"
EndProject
Global
	GlobalSection(SolutionConfigurationPlatforms) = preSolution
		Debug|Any CPU = Debug|Any CPU
		Release|Any CPU = Release|Any CPU
	EndGlobalSection
	GlobalSection(ProjectConfigurationPlatforms) = postSolution
		{178B2A82-9F9C-496A-65F9-29C2FACB07C7}.Debug|Any CPU.ActiveCfg = Debug|Any CPU
		{178B2A82-9F9C-496A-65F9-29C2FACB07C7}.Debug|Any CPU.Build.0 = Debug|Any CPU
		{178B2A82-9F9C-496A-65F9-29C2FACB07C7}.Release|Any CPU.ActiveCfg = Release|Any CPU
		{178B2A82-9F9C-496A-65F9-29C2FACB07C7}.Release|Any CPU.Build.0 = Release|Any CPU
		{D1DA4CA8-A169-5A56-EE39-8719BF3949DF}.Debug|Any CPU.ActiveCfg = Debug|Any CPU
		{D1DA4CA8-A169-5A56-EE39-8719BF3949DF}.Debug|Any CPU.Build.0 = Debug|Any CPU
		{D1DA4CA8-A169-5A56-EE39-8719BF3949DF}.Release|Any CPU.ActiveCfg = Release|Any CPU
		{D1DA4CA8-A169-5A56-EE39-8719BF3949DF}.Release|Any CPU.Build.0 = Release|Any CPU
	EndGlobalSection
	GlobalSection(SolutionProperties) = preSolution
		HideSolutionNode = FALSE
	EndGlobalSection
EndGlobal
